
Microsoft Visual Studio Solution File, Format Version 12.00
Project("{FAE04EC0-301F-11D3-BF4B-00C04F79EFBC}") = "ChatService.Web", "ChatService.Web\ChatService.Web.csproj", "{4828D35E-C8F9-43A5-9055-DC9AF5F7B265}"
EndProject
Project("{FAE04EC0-301F-11D3-BF4B-00C04F79EFBC}") = "ChatService.Web.IntegrationTests", "ChatService.Web.IntegrationTests\ChatService.Web.IntegrationTests.csproj", "{F1C98676-F82F-48ED-82F3-9A303212E5D2}"
EndProject
Project("{FAE04EC0-301F-11D3-BF4B-00C04F79EFBC}") = "ChatService.Web.Tests", "ChatService.Web.Tests\ChatService.Web.Tests.csproj", "{CE0D788A-D67C-48B8-AFF1-8F9B5FEE9DEB}"
EndProject
Global
	GlobalSection(SolutionConfigurationPlatforms) = preSolution
		Debug|Any CPU = Debug|Any CPU
		Release|Any CPU = Release|Any CPU
	EndGlobalSection
	GlobalSection(ProjectConfigurationPlatforms) = postSolution
		{4828D35E-C8F9-43A5-9055-DC9AF5F7B265}.Debug|Any CPU.ActiveCfg = Debug|Any CPU
		{4828D35E-C8F9-43A5-9055-DC9AF5F7B265}.Debug|Any CPU.Build.0 = Debug|Any CPU
		{4828D35E-C8F9-43A5-9055-DC9AF5F7B265}.Release|Any CPU.ActiveCfg = Release|Any CPU
		{4828D35E-C8F9-43A5-9055-DC9AF5F7B265}.Release|Any CPU.Build.0 = Release|Any CPU
		{F1C98676-F82F-48ED-82F3-9A303212E5D2}.Debug|Any CPU.ActiveCfg = Debug|Any CPU
		{F1C98676-F82F-48ED-82F3-9A303212E5D2}.Debug|Any CPU.Build.0 = Debug|Any CPU
		{F1C98676-F82F-48ED-82F3-9A303212E5D2}.Release|Any CPU.ActiveCfg = Release|Any CPU
		{F1C98676-F82F-48ED-82F3-9A303212E5D2}.Release|Any CPU.Build.0 = Release|Any CPU
		{CE0D788A-D67C-48B8-AFF1-8F9B5FEE9DEB}.Debug|Any CPU.ActiveCfg = Debug|Any CPU
		{CE0D788A-D67C-48B8-AFF1-8F9B5FEE9DEB}.Debug|Any CPU.Build.0 = Debug|Any CPU
		{CE0D788A-D67C-48B8-AFF1-8F9B5FEE9DEB}.Release|Any CPU.ActiveCfg = Release|Any CPU
		{CE0D788A-D67C-48B8-AFF1-8F9B5FEE9DEB}.Release|Any CPU.Build.0 = Release|Any CPU
	EndGlobalSection
EndGlobal
